hash: ee47d7228377c5ff4e9cc48d1cd34cc809595662aea62e69ee8b35835bfbf218
updated: 2018-01-12T10:29:41.164191019+01:00
imports: []
testImports:
- name: github.com/tecnickcom/statsd
  version: 969e3814be4f15681e2da76965ffa464b576a51f
- name: golang.org/x/sys
  version: d75a52659825e75fff6158388dddc6a5b04f9ba5
  subpackages:
  - unix
- name: gopkg.in/yaml.v2
  version: a5b47d31c556af34a302ce5d659e6fea44d90de0
